
Microsoft Visual Studio Solution File, Format Version 12.00
# Visual Studio Version 17
VisualStudioVersion = 17.10.35122.118
MinimumVisualStudioVersion = 10.0.40219.1
Project("{FAE04EC0-301F-11D3-BF4B-00C04F79EFBC}") = "SistemaArbolArchivos", "SistemaArbolArchivos\SistemaArbolArchivos.csproj", "{E649DBC6-03F8-46FC-AF6D-15AB5B378B85}"
EndProject
Global
	GlobalSection(SolutionConfigurationPlatforms) = preSolution
		Debug|Any CPU = Debug|Any CPU
		Release|Any CPU = Release|Any CPU
	EndGlobalSection
	GlobalSection(ProjectConfigurationPlatforms) = postSolution
		{E649DBC6-03F8-46FC-AF6D-15AB5B378B85}.Debug|Any CPU.ActiveCfg = Debug|Any CPU
		{E649DBC6-03F8-46FC-AF6D-15AB5B378B85}.Debug|Any CPU.Build.0 = Debug|Any CPU
		{E649DBC6-03F8-46FC-AF6D-15AB5B378B85}.Release|Any CPU.ActiveCfg = Release|Any CPU
		{E649DBC6-03F8-46FC-AF6D-15AB5B378B85}.Release|Any CPU.Build.0 = Release|Any CPU
	EndGlobalSection
	GlobalSection(SolutionProperties) = preSolution
		HideSolutionNode = FALSE
	EndGlobalSection
	GlobalSection(ExtensibilityGlobals) = postSolution
		SolutionGuid = {398A9D39-A374-4B63-B207-EE05E1472707}
	EndGlobalSection
EndGlobal
